
Microsoft Visual Studio Solution File, Format Version 12.00
# Visual Studio Version 17
VisualStudioVersion = 17.0.31903.59
MinimumVisualStudioVersion = 10.0.40219.1
Project("{FAE04EC0-301F-11D3-BF4B-00C04F79EFBC}") = "MauiFireStudents", "MauiFireStudents\MauiFireStudents.csproj", "{55FA49CA-3E33-4927-8B21-408C880F100F}"
EndProject
Global
	GlobalSection(SolutionConfigurationPlatforms) = preSolution
		Debug|Any CPU = Debug|Any CPU
		Release|Any CPU = Release|Any CPU
	EndGlobalSection
	GlobalSection(SolutionProperties) = preSolution
		HideSolutionNode = FALSE
	EndGlobalSection
	GlobalSection(ProjectConfigurationPlatforms) = postSolution
		{55FA49CA-3E33-4927-8B21-408C880F100F}.Debug|Any CPU.ActiveCfg = Debug|Any CPU
		{55FA49CA-3E33-4927-8B21-408C880F100F}.Debug|Any CPU.Build.0 = Debug|Any CPU
		{55FA49CA-3E33-4927-8B21-408C880F100F}.Release|Any CPU.ActiveCfg = Release|Any CPU
		{55FA49CA-3E33-4927-8B21-408C880F100F}.Release|Any CPU.Build.0 = Release|Any CPU
	EndGlobalSection
EndGlobal
